{
  "name": "romeoville-event-feed",
  "version": "1.0.0",
  "lockfileVersion": 3,
  "requires": true,
  "packages": {
    "": {
      "name": "romeoville-event-feed",
      "version": "1.0.0",
      "license": "ISC",
      "dependencies": {
        "puppeteer": "^21.11.0"
      }
    },
    "node_modules/puppeteer": {
      "version": "21.11.0",
      "resolved": "https://registry.npmjs.org/puppeteer/-/puppeteer-21.11.0.tgz",
      "integrity": "sha512-...",
      "engines": {
        "node": ">=18.0.0"
      }
    }
  },
  "dependencies": {
    "puppeteer": {
      "version": "21.11.0",
      "resolved": "https://registry.npmjs.org/puppeteer/-/puppeteer-21.11.0.tgz",
      "integrity": "sha512-...",
      "requires": {}
    }
  }
}
